
Microsoft Visual Studio Solution File, Format Version 12.00
# Visual Studio Version 17
VisualStudioVersion = 17.9.34622.214
MinimumVisualStudioVersion = 10.0.40219.1
Project("{FAE04EC0-301F-11D3-BF4B-00C04F79EFBC}") = "Semana10", "Semana10\Semana10.csproj", "{29578E55-B084-416C-B46B-6A1B2A491CFC}"
EndProject
Global
	GlobalSection(SolutionConfigurationPlatforms) = preSolution
		Debug|Any CPU = Debug|Any CPU
		Release|Any CPU = Release|Any CPU
	EndGlobalSection
	GlobalSection(ProjectConfigurationPlatforms) = postSolution
		{29578E55-B084-416C-B46B-6A1B2A491CFC}.Debug|Any CPU.ActiveCfg = Debug|Any CPU
		{29578E55-B084-416C-B46B-6A1B2A491CFC}.Debug|Any CPU.Build.0 = Debug|Any CPU
		{29578E55-B084-416C-B46B-6A1B2A491CFC}.Release|Any CPU.ActiveCfg = Release|Any CPU
		{29578E55-B084-416C-B46B-6A1B2A491CFC}.Release|Any CPU.Build.0 = Release|Any CPU
	EndGlobalSection
	GlobalSection(SolutionProperties) = preSolution
		HideSolutionNode = FALSE
	EndGlobalSection
	GlobalSection(ExtensibilityGlobals) = postSolution
		SolutionGuid = {F9B89655-A4D9-4719-AB40-623F447BC8BB}
	EndGlobalSection
EndGlobal
